{
  "name": "caption-generator",
  "version": "1.0.0",
  "lockfileVersion": 1,
  "requires": true,
  "dependencies": {
    "@google-cloud/local-auth": {
      "version": "1.0.0",
      "resolved": "https://registry.npm.taobao.org/@google-cloud/local-auth/download/@google-cloud/local-auth-1.0.0.tgz",
      "integrity": "sha1-8aAUWucgSzoVAkhGtltu9l28naI=",
      "requires": {
        "arrify": "^2.0.1",
        "google-auth-library": "^6.0.0",
        "open": "^7.0.3",
        "server-destroy": "^1.0.1"
      }
    },
    "abort-controller": {
      "version": "3.0.0",
      "resolved": "https://registry.npm.taobao.org/abort-controller/download/abort-controller-3.0.0.tgz",
      "integrity": "sha1-6vVNU7YrrkE46AnKIlyEOabvs5I=",
      "requires": {
        "event-target-shim": "^5.0.0"
      }
    },
    "agent-base": {
      "version": "6.0.2",
      "resolved": "https://registry.npm.taobao.org/agent-base/download/agent-base-6.0.2.tgz",
      "integrity": "sha1-Sf/1hXfP7j83F2/qtMIuAPhtf3c=",
      "requires": {
        "debug": "4"
      }
    },
    "arrify": {
      "version": "2.0.1",
      "resolved": "https://registry.npm.taobao.org/arrify/download/arrify-2.0.1.tgz",
      "integrity": "sha1-yWVekzHgq81YjSp8rX6ZVvZnAfo="
    },
    "base64-js": {
      "version": "1.5.1",
      "resolved": "https://registry.npm.taobao.org/base64-js/download/base64-js-1.5.1.tgz",
      "integrity": "sha1-GxtEAWClv3rUC2UPCVljSBkDkwo="
    },
    "bignumber.js": {
      "version": "9.0.1",
      "resolved": "https://registry.npm.taobao.org/bignumber.js/download/bignumber.js-9.0.1.tgz",
      "integrity": "sha1-jXuhJMiCv9jkMmDGdHVRjQaJ5OU="
    },
    "buffer-equal-constant-time": {
      "version": "1.0.1",
      "resolved": "https://registry.npm.taobao.org/buffer-equal-constant-time/download/buffer-equal-constant-time-1.0.1.tgz",
      "integrity": "sha1-+OcRMvf/5uAaXJaXpMbz5I1cyBk="
    },
    "debug": {
      "version": "4.3.1",
      "resolved": "https://registry.npm.taobao.org/debug/download/debug-4.3.1.tgz?cache=0&sync_timestamp=1607566856339&other_urls=https%3A%2F%2Fregistry.npm.taobao.org%2Fdebug%2Fdownload%2Fdebug-4.3.1.tgz",
      "integrity": "sha1-8NIpxQXgxtjEmsVT0bE9wYP2su4=",
      "requires": {
        "ms": "2.1.2"
      }
    },
    "ecdsa-sig-formatter": {
      "version": "1.0.11",
      "resolved": "https://registry.npm.taobao.org/ecdsa-sig-formatter/download/ecdsa-sig-formatter-1.0.11.tgz",
      "integrity": "sha1-rg8PothQRe8UqBfao86azQSJ5b8=",
      "requires": {
        "safe-buffer": "^5.0.1"
      }
    },
    "event-target-shim": {
      "version": "5.0.1",
      "resolved": "https://registry.npm.taobao.org/event-target-shim/download/event-target-shim-5.0.1.tgz",
      "integrity": "sha1-XU0+vflYPWOlMzzi3rdICrKwV4k="
    },
    "extend": {
      "version": "3.0.2",
      "resolved": "https://registry.npm.taobao.org/extend/download/extend-3.0.2.tgz",
      "integrity": "sha1-+LETa0Bx+9jrFAr/hYsQGewpFfo="
    },
    "fast-text-encoding": {
      "version": "1.0.3",
      "resolved": "https://registry.npm.taobao.org/fast-text-encoding/download/fast-text-encoding-1.0.3.tgz",
      "integrity": "sha1-7AKsjgGrijGa8YLa4mgSE8/pzlM="
    },
    "gaxios": {
      "version": "4.1.0",
      "resolved": "https://registry.npm.taobao.org/gaxios/download/gaxios-4.1.0.tgz",
      "integrity": "sha1-6K1GbbWkODxwudY7/RTfqofrAJk=",
      "requires": {
        "abort-controller": "^3.0.0",
        "extend": "^3.0.2",
        "https-proxy-agent": "^5.0.0",
        "is-stream": "^2.0.0",
        "node-fetch": "^2.3.0"
      }
    },
    "gcp-metadata": {
      "version": "4.2.1",
      "resolved": "https://registry.npm.taobao.org/gcp-metadata/download/gcp-metadata-4.2.1.tgz",
      "integrity": "sha1-MYSfvPkCXvNMIpfDKomh5+nyzWI=",
      "requires": {
        "gaxios": "^4.0.0",
        "json-bigint": "^1.0.0"
      }
    },
    "google-auth-library": {
      "version": "6.1.4",
      "resolved": "https://registry.npm.taobao.org/google-auth-library/download/google-auth-library-6.1.4.tgz",
      "integrity": "sha1-vHDE87ZoGuUnM0NGa87zdXe37kQ=",
      "requires": {
        "arrify": "^2.0.0",
        "base64-js": "^1.3.0",
        "ecdsa-sig-formatter": "^1.0.11",
        "fast-text-encoding": "^1.0.0",
        "gaxios": "^4.0.0",
        "gcp-metadata": "^4.2.0",
        "gtoken": "^5.0.4",
        "jws": "^4.0.0",
        "lru-cache": "^6.0.0"
      }
    },
    "google-p12-pem": {
      "version": "3.0.3",
      "resolved": "https://registry.npm.taobao.org/google-p12-pem/download/google-p12-pem-3.0.3.tgz",
      "integrity": "sha1-ZzrDp105A6h/BYePPHXgb8FRZp4=",
      "requires": {
        "node-forge": "^0.10.0"
      }
    },
    "googleapis": {
      "version": "67.0.0",
      "resolved": "https://registry.npm.taobao.org/googleapis/download/googleapis-67.0.0.tgz",
      "integrity": "sha1-zguS3PXkvA/RuCZmoWJes3/T3DY=",
      "requires": {
        "google-auth-library": "^6.0.0",
        "googleapis-common": "^4.4.1"
      }
    },
    "googleapis-common": {
      "version": "4.4.3",
      "resolved": "https://registry.npm.taobao.org/googleapis-common/download/googleapis-common-4.4.3.tgz",
      "integrity": "sha1-ogY63xexRQGl9Ca5ywaFSW2DW30=",
      "requires": {
        "extend": "^3.0.2",
        "gaxios": "^4.0.0",
        "google-auth-library": "^6.0.0",
        "qs": "^6.7.0",
        "url-template": "^2.0.8",
        "uuid": "^8.0.0"
      }
    },
    "gtoken": {
      "version": "5.2.0",
      "resolved": "https://registry.npm.taobao.org/gtoken/download/gtoken-5.2.0.tgz",
      "integrity": "sha1-fx4Cn5Ryu4iZ1pEcA8ZvetmFyEk=",
      "requires": {
        "gaxios": "^4.0.0",
        "google-p12-pem": "^3.0.3",
        "jws": "^4.0.0",
        "mime": "^2.2.0"
      }
    },
    "https-proxy-agent": {
      "version": "5.0.0",
      "resolved": "https://registry.npm.taobao.org/https-proxy-agent/download/https-proxy-agent-5.0.0.tgz",
      "integrity": "sha1-4qkFQqu2inYuCghQ9sntrf2FBrI=",
      "requires": {
        "agent-base": "6",
        "debug": "4"
      }
    },
    "is-docker": {
      "version": "2.1.1",
      "resolved": "https://registry.npm.taobao.org/is-docker/download/is-docker-2.1.1.tgz",
      "integrity": "sha1-QSWojkTkUNOE4JBH7eca3C0UQVY="
    },
    "is-stream": {
      "version": "2.0.0",
      "resolved": "https://registry.npm.taobao.org/is-stream/download/is-stream-2.0.0.tgz",
      "integrity": "sha1-venDJoDW+uBBKdasnZIc54FfeOM="
    },
    "is-wsl": {
      "version": "2.2.0",
      "resolved": "https://registry.npm.taobao.org/is-wsl/download/is-wsl-2.2.0.tgz?cache=0&sync_timestamp=1588494413662&other_urls=https%3A%2F%2Fregistry.npm.taobao.org%2Fis-wsl%2Fdownload%2Fis-wsl-2.2.0.tgz",
      "integrity": "sha1-dKTHbnfKn9P5MvKQwX6jJs0VcnE=",
      "requires": {
        "is-docker": "^2.0.0"
      }
    },
    "json-bigint": {
      "version": "1.0.0",
      "resolved": "https://registry.npm.taobao.org/json-bigint/download/json-bigint-1.0.0.tgz",
      "integrity": "sha1-rlR4I6wMrYOYZn+M2e9HMPWwH/E=",
      "requires": {
        "bignumber.js": "^9.0.0"
      }
    },
    "jwa": {
      "version": "2.0.0",
      "resolved": "https://registry.npm.taobao.org/jwa/download/jwa-2.0.0.tgz",
      "integrity": "sha1-p+nD8p2ulAJ+vK9Jl1yTRVk0EPw=",
      "requires": {
        "buffer-equal-constant-time": "1.0.1",
        "ecdsa-sig-formatter": "1.0.11",
        "safe-buffer": "^5.0.1"
      }
    },
    "jws": {
      "version": "4.0.0",
      "resolved": "https://registry.npm.taobao.org/jws/download/jws-4.0.0.tgz",
      "integrity": "sha1-LU6M9qMY/6oSYV6d7H6G5slzEPQ=",
      "requires": {
        "jwa": "^2.0.0",
        "safe-buffer": "^5.0.1"
      }
    },
    "lru-cache": {
      "version": "6.0.0",
      "resolved": "https://registry.npm.taobao.org/lru-cache/download/lru-cache-6.0.0.tgz?cache=0&sync_timestamp=1594427614275&other_urls=https%3A%2F%2Fregistry.npm.taobao.org%2Flru-cache%2Fdownload%2Flru-cache-6.0.0.tgz",
      "integrity": "sha1-bW/mVw69lqr5D8rR2vo7JWbbOpQ=",
      "requires": {
        "yallist": "^4.0.0"
      }
    },
    "mime": {
      "version": "2.5.0",
      "resolved": "https://registry.npm.taobao.org/mime/download/mime-2.5.0.tgz?cache=0&sync_timestamp=1610756314425&other_urls=https%3A%2F%2Fregistry.npm.taobao.org%2Fmime%2Fdownload%2Fmime-2.5.0.tgz",
      "integrity": "sha1-K0r5NEAXeYBu6YAmu0Lowa4YdrE="
    },
    "ms": {
      "version": "2.1.2",
      "resolved": "https://registry.npm.taobao.org/ms/download/ms-2.1.2.tgz?cache=0&sync_timestamp=1607433843106&other_urls=https%3A%2F%2Fregistry.npm.taobao.org%2Fms%2Fdownload%2Fms-2.1.2.tgz",
      "integrity": "sha1-0J0fNXtEP0kzgqjrPM0YOHKuYAk="
    },
    "node-fetch": {
      "version": "2.6.1",
      "resolved": "https://registry.npm.taobao.org/node-fetch/download/node-fetch-2.6.1.tgz?cache=0&sync_timestamp=1599311968037&other_urls=https%3A%2F%2Fregistry.npm.taobao.org%2Fnode-fetch%2Fdownload%2Fnode-fetch-2.6.1.tgz",
      "integrity": "sha1-BFvTI2Mfdu0uK1VXM5RBa2OaAFI="
    },
    "node-forge": {
      "version": "0.10.0",
      "resolved": "https://registry.npm.taobao.org/node-forge/download/node-forge-0.10.0.tgz?cache=0&sync_timestamp=1599010928186&other_urls=https%3A%2F%2Fregistry.npm.taobao.org%2Fnode-forge%2Fdownload%2Fnode-forge-0.10.0.tgz",
      "integrity": "sha1-Mt6ir7Ppkm8C7lzoeUkCaRpna/M="
    },
    "open": {
      "version": "7.3.1",
      "resolved": "https://registry.npm.taobao.org/open/download/open-7.3.1.tgz",
      "integrity": "sha1-EREZy5GcoazZiPSWhcT90PR1U1Y=",
      "requires": {
        "is-docker": "^2.0.0",
        "is-wsl": "^2.1.1"
      }
    },
    "qs": {
      "version": "6.9.6",
      "resolved": "https://registry.npm.taobao.org/qs/download/qs-6.9.6.tgz?cache=0&sync_timestamp=1610598110945&other_urls=https%3A%2F%2Fregistry.npm.taobao.org%2Fqs%2Fdownload%2Fqs-6.9.6.tgz",
      "integrity": "sha1-Ju08gkOkMbKSSsqEzJBHHzXVoO4="
    },
    "safe-buffer": {
      "version": "5.2.1",
      "resolved": "https://registry.npm.taobao.org/safe-buffer/download/safe-buffer-5.2.1.tgz",
      "integrity": "sha1-Hq+fqb2x/dTsdfWPnNtOa3gn7sY="
    },
    "server-destroy": {
      "version": "1.0.1",
      "resolved": "https://registry.npm.taobao.org/server-destroy/download/server-destroy-1.0.1.tgz",
      "integrity": "sha1-8Tv5KOQrnD55OD5hzDmYtdFObN0="
    },
    "url-template": {
      "version": "2.0.8",
      "resolved": "https://registry.npm.taobao.org/url-template/download/url-template-2.0.8.tgz",
      "integrity": "sha1-/FZaPMy/93MMd19WQflVV5FDnyE="
    },
    "uuid": {
      "version": "8.3.2",
      "resolved": "https://registry.npm.taobao.org/uuid/download/uuid-8.3.2.tgz?cache=0&sync_timestamp=1607460081656&other_urls=https%3A%2F%2Fregistry.npm.taobao.org%2Fuuid%2Fdownload%2Fuuid-8.3.2.tgz",
      "integrity": "sha1-gNW1ztJxu5r2xEXyGhoExgbO++I="
    },
    "yallist": {
      "version": "4.0.0",
      "resolved": "https://registry.npm.taobao.org/yallist/download/yallist-4.0.0.tgz",
      "integrity": "sha1-m7knkNnA7/7GO+c1GeEaNQGaOnI="
    }
  }
}
